
Microsoft Visual Studio Solution File, Format Version 12.00
# Visual Studio Version 17
VisualStudioVersion = 17.8.34408.163
MinimumVisualStudioVersion = 10.0.40219.1
Project("{9A19103F-16F7-4668-BE54-9A1E7A4F7556}") = "Api", "src\Services\Task\Api\Api.csproj", "{F407AB0B-29F6-4B8D-B347-F5A28FC12FCC}"
EndProject
Project("{2150E333-8FDC-42A3-9474-1A3956D46DE8}") = "src", "src", "{146E4517-F727-438E-BD6B-5D06CDBAA337}"
EndProject
Project("{2150E333-8FDC-42A3-9474-1A3956D46DE8}") = "Services", "Services", "{6F395CCC-062F-4119-8D63-75544F6A52A9}"
EndProject
Project("{2150E333-8FDC-42A3-9474-1A3956D46DE8}") = "Task", "Task", "{214DFCE6-5E23-4085-90C6-FA3D5D20832D}"
EndProject
Project("{9A19103F-16F7-4668-BE54-9A1E7A4F7556}") = "Api.Tests", "src\Services\Task\Api.Tests\Api.Tests.csproj", "{EBCD83E7-9383-41CC-8F91-25D86C415D98}"
EndProject
Project("{9A19103F-16F7-4668-BE54-9A1E7A4F7556}") = "Application", "src\Services\Task\Application\Application.csproj", "{C03D2D74-A654-4504-9E03-EB2D26DF8F40}"
EndProject
Project("{9A19103F-16F7-4668-BE54-9A1E7A4F7556}") = "Domain", "src\Services\Task\Domain\Domain.csproj", "{1838D650-92F0-40AA-A658-6D93E40E22B4}"
EndProject
Project("{9A19103F-16F7-4668-BE54-9A1E7A4F7556}") = "Application.Tests", "src\Services\Task\Application.Tests\Application.Tests.csproj", "{4AE933B3-1FEE-4BFB-9E48-731F91105329}"
EndProject
Project("{2150E333-8FDC-42A3-9474-1A3956D46DE8}") = "Solution Items", "Solution Items", "{DF57139A-B077-4EBB-BC56-01C3BC68EF05}"
	ProjectSection(SolutionItems) = preProject
		docker-compose.yml = docker-compose.yml
	EndProjectSection
EndProject
Project("{9A19103F-16F7-4668-BE54-9A1E7A4F7556}") = "Persistence", "src\Services\Task\Persistence\Persistence.csproj", "{37F72476-A78B-420F-B140-30865620CDCC}"
EndProject
Project("{9A19103F-16F7-4668-BE54-9A1E7A4F7556}") = "Persistence.Tests", "src\Services\Task\Persistence.Tests\Persistence.Tests.csproj", "{5F288789-5752-4482-89BE-2A08844166FC}"
EndProject
Project("{2150E333-8FDC-42A3-9474-1A3956D46DE8}") = "Identity", "Identity", "{37113C65-9834-49F5-9D07-2080FD620D51}"
EndProject
Project("{FAE04EC0-301F-11D3-BF4B-00C04F79EFBC}") = "Api", "src\Services\Identity\Api\Api.csproj", "{63EF7AA6-7EEF-4AAF-AEA0-929A0FD9E900}"
EndProject
Project("{FAE04EC0-301F-11D3-BF4B-00C04F79EFBC}") = "Application", "src\Services\Identity\Application\Application.csproj", "{9A27076E-D771-4ED7-B7B2-DDA3C98876DF}"
EndProject
Project("{FAE04EC0-301F-11D3-BF4B-00C04F79EFBC}") = "Persistence", "src\Services\Identity\Persistence\Persistence.csproj", "{9D73B36F-4963-4733-A224-ADB539980D28}"
EndProject
Global
	GlobalSection(SolutionConfigurationPlatforms) = preSolution
		Debug|Any CPU = Debug|Any CPU
		Release|Any CPU = Release|Any CPU
	EndGlobalSection
	GlobalSection(ProjectConfigurationPlatforms) = postSolution
		{F407AB0B-29F6-4B8D-B347-F5A28FC12FCC}.Debug|Any CPU.ActiveCfg = Debug|Any CPU
		{F407AB0B-29F6-4B8D-B347-F5A28FC12FCC}.Debug|Any CPU.Build.0 = Debug|Any CPU
		{F407AB0B-29F6-4B8D-B347-F5A28FC12FCC}.Release|Any CPU.ActiveCfg = Release|Any CPU
		{F407AB0B-29F6-4B8D-B347-F5A28FC12FCC}.Release|Any CPU.Build.0 = Release|Any CPU
		{EBCD83E7-9383-41CC-8F91-25D86C415D98}.Debug|Any CPU.ActiveCfg = Debug|Any CPU
		{EBCD83E7-9383-41CC-8F91-25D86C415D98}.Debug|Any CPU.Build.0 = Debug|Any CPU
		{EBCD83E7-9383-41CC-8F91-25D86C415D98}.Release|Any CPU.ActiveCfg = Release|Any CPU
		{EBCD83E7-9383-41CC-8F91-25D86C415D98}.Release|Any CPU.Build.0 = Release|Any CPU
		{C03D2D74-A654-4504-9E03-EB2D26DF8F40}.Debug|Any CPU.ActiveCfg = Debug|Any CPU
		{C03D2D74-A654-4504-9E03-EB2D26DF8F40}.Debug|Any CPU.Build.0 = Debug|Any CPU
		{C03D2D74-A654-4504-9E03-EB2D26DF8F40}.Release|Any CPU.ActiveCfg = Release|Any CPU
		{C03D2D74-A654-4504-9E03-EB2D26DF8F40}.Release|Any CPU.Build.0 = Release|Any CPU
		{1838D650-92F0-40AA-A658-6D93E40E22B4}.Debug|Any CPU.ActiveCfg = Debug|Any CPU
		{1838D650-92F0-40AA-A658-6D93E40E22B4}.Debug|Any CPU.Build.0 = Debug|Any CPU
		{1838D650-92F0-40AA-A658-6D93E40E22B4}.Release|Any CPU.ActiveCfg = Release|Any CPU
		{1838D650-92F0-40AA-A658-6D93E40E22B4}.Release|Any CPU.Build.0 = Release|Any CPU
		{4AE933B3-1FEE-4BFB-9E48-731F91105329}.Debug|Any CPU.ActiveCfg = Debug|Any CPU
		{4AE933B3-1FEE-4BFB-9E48-731F91105329}.Debug|Any CPU.Build.0 = Debug|Any CPU
		{4AE933B3-1FEE-4BFB-9E48-731F91105329}.Release|Any CPU.ActiveCfg = Release|Any CPU
		{4AE933B3-1FEE-4BFB-9E48-731F91105329}.Release|Any CPU.Build.0 = Release|Any CPU
		{37F72476-A78B-420F-B140-30865620CDCC}.Debug|Any CPU.ActiveCfg = Debug|Any CPU
		{37F72476-A78B-420F-B140-30865620CDCC}.Debug|Any CPU.Build.0 = Debug|Any CPU
		{37F72476-A78B-420F-B140-30865620CDCC}.Release|Any CPU.ActiveCfg = Release|Any CPU
		{37F72476-A78B-420F-B140-30865620CDCC}.Release|Any CPU.Build.0 = Release|Any CPU
		{5F288789-5752-4482-89BE-2A08844166FC}.Debug|Any CPU.ActiveCfg = Debug|Any CPU
		{5F288789-5752-4482-89BE-2A08844166FC}.Debug|Any CPU.Build.0 = Debug|Any CPU
		{5F288789-5752-4482-89BE-2A08844166FC}.Release|Any CPU.ActiveCfg = Release|Any CPU
		{5F288789-5752-4482-89BE-2A08844166FC}.Release|Any CPU.Build.0 = Release|Any CPU
		{63EF7AA6-7EEF-4AAF-AEA0-929A0FD9E900}.Debug|Any CPU.ActiveCfg = Debug|Any CPU
		{63EF7AA6-7EEF-4AAF-AEA0-929A0FD9E900}.Debug|Any CPU.Build.0 = Debug|Any CPU
		{63EF7AA6-7EEF-4AAF-AEA0-929A0FD9E900}.Release|Any CPU.ActiveCfg = Release|Any CPU
		{63EF7AA6-7EEF-4AAF-AEA0-929A0FD9E900}.Release|Any CPU.Build.0 = Release|Any CPU
		{9A27076E-D771-4ED7-B7B2-DDA3C98876DF}.Debug|Any CPU.ActiveCfg = Debug|Any CPU
		{9A27076E-D771-4ED7-B7B2-DDA3C98876DF}.Debug|Any CPU.Build.0 = Debug|Any CPU
		{9A27076E-D771-4ED7-B7B2-DDA3C98876DF}.Release|Any CPU.ActiveCfg = Release|Any CPU
		{9A27076E-D771-4ED7-B7B2-DDA3C98876DF}.Release|Any CPU.Build.0 = Release|Any CPU
		{9D73B36F-4963-4733-A224-ADB539980D28}.Debug|Any CPU.ActiveCfg = Debug|Any CPU
		{9D73B36F-4963-4733-A224-ADB539980D28}.Debug|Any CPU.Build.0 = Debug|Any CPU
		{9D73B36F-4963-4733-A224-ADB539980D28}.Release|Any CPU.ActiveCfg = Release|Any CPU
		{9D73B36F-4963-4733-A224-ADB539980D28}.Release|Any CPU.Build.0 = Release|Any CPU
	EndGlobalSection
	GlobalSection(SolutionProperties) = preSolution
		HideSolutionNode = FALSE
	EndGlobalSection
	GlobalSection(NestedProjects) = preSolution
		{F407AB0B-29F6-4B8D-B347-F5A28FC12FCC} = {214DFCE6-5E23-4085-90C6-FA3D5D20832D}
		{6F395CCC-062F-4119-8D63-75544F6A52A9} = {146E4517-F727-438E-BD6B-5D06CDBAA337}
		{214DFCE6-5E23-4085-90C6-FA3D5D20832D} = {6F395CCC-062F-4119-8D63-75544F6A52A9}
		{EBCD83E7-9383-41CC-8F91-25D86C415D98} = {214DFCE6-5E23-4085-90C6-FA3D5D20832D}
		{C03D2D74-A654-4504-9E03-EB2D26DF8F40} = {214DFCE6-5E23-4085-90C6-FA3D5D20832D}
		{1838D650-92F0-40AA-A658-6D93E40E22B4} = {214DFCE6-5E23-4085-90C6-FA3D5D20832D}
		{4AE933B3-1FEE-4BFB-9E48-731F91105329} = {214DFCE6-5E23-4085-90C6-FA3D5D20832D}
		{37F72476-A78B-420F-B140-30865620CDCC} = {214DFCE6-5E23-4085-90C6-FA3D5D20832D}
		{5F288789-5752-4482-89BE-2A08844166FC} = {214DFCE6-5E23-4085-90C6-FA3D5D20832D}
		{37113C65-9834-49F5-9D07-2080FD620D51} = {6F395CCC-062F-4119-8D63-75544F6A52A9}
		{63EF7AA6-7EEF-4AAF-AEA0-929A0FD9E900} = {37113C65-9834-49F5-9D07-2080FD620D51}
		{9A27076E-D771-4ED7-B7B2-DDA3C98876DF} = {37113C65-9834-49F5-9D07-2080FD620D51}
		{9D73B36F-4963-4733-A224-ADB539980D28} = {37113C65-9834-49F5-9D07-2080FD620D51}
	EndGlobalSection
	GlobalSection(ExtensibilityGlobals) = postSolution
		SolutionGuid = {9587C0FB-B884-4579-9F2C-84B69892B306}
	EndGlobalSection
EndGlobal
